
Microsoft Visual Studio Solution File, Format Version 12.00
# Visual Studio Version 17
VisualStudioVersion = 17.4.33110.190
MinimumVisualStudioVersion = 10.0.40219.1
Project("{FAE04EC0-301F-11D3-BF4B-00C04F79EFBC}") = "AES algorithm", "AES algorithm\AES algorithm.csproj", "{D88A2580-691B-4C59-A817-888FCF6D52A8}"
EndProject
Global
	GlobalSection(SolutionConfigurationPlatforms) = preSolution
		Debug|Any CPU = Debug|Any CPU
		Release|Any CPU = Release|Any CPU
	EndGlobalSection
	GlobalSection(ProjectConfigurationPlatforms) = postSolution
		{D88A2580-691B-4C59-A817-888FCF6D52A8}.Debug|Any CPU.ActiveCfg = Debug|Any CPU
		{D88A2580-691B-4C59-A817-888FCF6D52A8}.Debug|Any CPU.Build.0 = Debug|Any CPU
		{D88A2580-691B-4C59-A817-888FCF6D52A8}.Release|Any CPU.ActiveCfg = Release|Any CPU
		{D88A2580-691B-4C59-A817-888FCF6D52A8}.Release|Any CPU.Build.0 = Release|Any CPU
	EndGlobalSection
	GlobalSection(SolutionProperties) = preSolution
		HideSolutionNode = FALSE
	EndGlobalSection
	GlobalSection(ExtensibilityGlobals) = postSolution
		SolutionGuid = {A52D1070-A319-40CD-8FC2-F3BBC2B1FAE9}
	EndGlobalSection
EndGlobal
